
Microsoft Visual Studio Solution File, Format Version 12.00
# Visual Studio 15
VisualStudioVersion = 15.0.27004.2008
MinimumVisualStudioVersion = 10.0.40219.1
Project("{FAE04EC0-301F-11D3-BF4B-00C04F79EFBC}") = "InternshipTest", "InternshipTest\InternshipTest.csproj", "{5A0E29A8-7F61-4128-B98D-BB332008876A}"
EndProject
Global
	GlobalSection(SolutionConfigurationPlatforms) = preSolution
		Debug|Any CPU = Debug|Any CPU
		Release|Any CPU = Release|Any CPU
	EndGlobalSection
	GlobalSection(ProjectConfigurationPlatforms) = postSolution
		{5A0E29A8-7F61-4128-B98D-BB332008876A}.Debug|Any CPU.ActiveCfg = Debug|Any CPU
		{5A0E29A8-7F61-4128-B98D-BB332008876A}.Debug|Any CPU.Build.0 = Debug|Any CPU
		{5A0E29A8-7F61-4128-B98D-BB332008876A}.Release|Any CPU.ActiveCfg = Release|Any CPU
		{5A0E29A8-7F61-4128-B98D-BB332008876A}.Release|Any CPU.Build.0 = Release|Any CPU
	EndGlobalSection
	GlobalSection(SolutionProperties) = preSolution
		HideSolutionNode = FALSE
	EndGlobalSection
	GlobalSection(ExtensibilityGlobals) = postSolution
		SolutionGuid = {FBA84E39-5768-4079-8E86-665BDF286719}
	EndGlobalSection
EndGlobal
